// !$*UTF8*$!
{
	archiveVersion = 1;
	classes = {
	};
	objectVersion = 77;
	objects = {

/* Begin PBXContainerItemProxy section */
		8B426A742D8E93E200CC4931 /* PBXContainerItemProxy */ = {
			isa = PBXContainerItemProxy;
			containerPortal = 8B426A5B2D8E93E100CC4931 /* Project object */;
			proxyType = 1;
			remoteGlobalIDString = 8B426A622D8E93E100CC4931;
			remoteInfo = 8thWorkbook;
		};
		8B426A7E2D8E93E200CC4931 /* PBXContainerItemProxy */ = {
			isa = PBXContainerItemProxy;
			containerPortal = 8B426A5B2D8E93E100CC4931 /* Project object */;
			proxyType = 1;
			remoteGlobalIDString = 8B426A622D8E93E100CC4931;
			remoteInfo = 8thWorkbook;
		};
/* End PBXContainerItemProxy section */

/* Begin PBXFileReference section */
		8B426A632D8E93E100CC4931 /* 8thWorkbook.app */ = {isa = PBXFileReference; explicitFileType = wrapper.application; includeInIndex = 0; path = 8thWorkbook.app; sourceTree = BUILT_PRODUCTS_DIR; };
		8B426A732D8E93E200CC4931 /* 8thWorkbookTests.xctest */ = {isa = PBXFileReference; explicitFileType = wrapper.cfbundle; includeInIndex = 0; path = 8thWorkbookTests.xctest; sourceTree = BUILT_PRODUCTS_DIR; };
		8B426A7D2D8E93E200CC4931 /* 8thWorkbookUITests.xctest */ = {isa = PBXFileReference; explicitFileType = wrapper.cfbundle; includeInIndex = 0; path = 8thWorkbookUITests.xctest; sourceTree = BUILT_PRODUCTS_DIR; };
/* End PBXFileReference section */

/* Begin PBXFileSystemSynchronizedRootGroup section */
		8B426A652D8E93E100CC4931 /* 8thWorkbook */ = {
			isa = PBXFileSystemSynchronizedRootGroup;
			path = 8thWorkbook;
			sourceTree = "<group>";
		};
		8B426A762D8E93E200CC4931 /* 8thWorkbookTests */ = {
			isa = PBXFileSystemSynchronizedRootGroup;
			path = 8thWorkbookTests;
			sourceTree = "<group>";
		};
		8B426A802D8E93E200CC4931 /* 8thWorkbookUITests */ = {
			isa = PBXFileSystemSynchronizedRootGroup;
			path = 8thWorkbookUITests;
			sourceTree = "<group>";
		};
/* End PBXFileSystemSynchronizedRootGroup section */

/* Begin PBXFrameworksBuildPhase section */
		8B426A602D8E93E100CC4931 /* Frameworks */ = {
			isa = PBXFrameworksBuildPhase;
			buildActionMask = 2147483647;
			files = (
			);
			runOnlyForDeploymentPostprocessing = 0;
		};
		8B426A702D8E93E200CC4931 /* Frameworks */ = {
			isa = PBXFrameworksBuildPhase;
			buildActionMask = 2147483647;
			files = (
			);
			runOnlyForDeploymentPostprocessing = 0;
		};
		8B426A7A2D8E93E200CC4931 /* Frameworks */ = {
			isa = PBXFrameworksBuildPhase;
			buildActionMask = 2147483647;
			files = (
			);
			runOnlyForDeploymentPostprocessing = 0;
		};
/* End PBXFrameworksBuildPhase section */

/* Begin PBXGroup section */
		8B426A5A2D8E93E100CC4931 = {
			isa = PBXGroup;
			children = (
				8B426A652D8E93E100CC4931 /* 8thWorkbook */,
				8B426A762D8E93E200CC4931 /* 8thWorkbookTests */,
				8B426A802D8E93E200CC4931 /* 8thWorkbookUITests */,
				8B426A642D8E93E100CC4931 /* Products */,
			);
			sourceTree = "<group>";
		};
		8B426A642D8E93E100CC4931 /* Products */ = {
			isa = PBXGroup;
			children = (
				8B426A632D8E93E100CC4931 /* 8thWorkbook.app */,
				8B426A732D8E93E200CC4931 /* 8thWorkbookTests.xctest */,
				8B426A7D2D8E93E200CC4931 /* 8thWorkbookUITests.xctest */,
			);
			name = Products;
			sourceTree = "<group>";
		};
/* End PBXGroup section */

/* Begin PBXNativeTarget section */
		8B426A622D8E93E100CC4931 /* 8thWorkbook */ = {
			isa = PBXNativeTarget;
			buildConfigurationList = 8B426A872D8E93E200CC4931 /* Build configuration list for PBXNativeTarget "8thWorkbook" */;
			buildPhases = (
				8B426A5F2D8E93E100CC4931 /* Sources */,
				8B426A602D8E93E100CC4931 /* Frameworks */,
				8B426A612D8E93E100CC4931 /* Resources */,
			);
			buildRules = (
			);
			dependencies = (
			);
			fileSystemSynchronizedGroups = (
				8B426A652D8E93E100CC4931 /* 8thWorkbook */,
			);
			name = 8thWorkbook;
			packageProductDependencies = (
			);
			productName = 8thWorkbook;
			productReference = 8B426A632D8E93E100CC4931 /* 8thWorkbook.app */;
			productType = "com.apple.product-type.application";
		};
		8B426A722D8E93E200CC4931 /* 8thWorkbookTests */ = {
			isa = PBXNativeTarget;
			buildConfigurationList = 8B426A8A2D8E93E200CC4931 /* Build configuration list for PBXNativeTarget "8thWorkbookTests" */;
			buildPhases = (
				8B426A6F2D8E93E200CC4931 /* Sources */,
				8B426A702D8E93E200CC4931 /* Frameworks */,
				8B426A712D8E93E200CC4931 /* Resources */,
			);
			buildRules = (
			);
			dependencies = (
				8B426A752D8E93E200CC4931 /* PBXTargetDependency */,
			);
			fileSystemSynchronizedGroups = (
				8B426A762D8E93E200CC4931 /* 8thWorkbookTests */,
			);
			name = 8thWorkbookTests;
			packageProductDependencies = (
			);
			productName = 8thWorkbookTests;
			productReference = 8B426A732D8E93E200CC4931 /* 8thWorkbookTests.xctest */;
			productType = "com.apple.product-type.bundle.unit-test";
		};
		8B426A7C2D8E93E200CC4931 /* 8thWorkbookUITests */ = {
			isa = PBXNativeTarget;
			buildConfigurationList = 8B426A8D2D8E93E200CC4931 /* Build configuration list for PBXNativeTarget "8thWorkbookUITests" */;
			buildPhases = (
				8B426A792D8E93E200CC4931 /* Sources */,
				8B426A7A2D8E93E200CC4931 /* Frameworks */,
				8B426A7B2D8E93E200CC4931 /* Resources */,
			);
			buildRules = (
			);
			dependencies = (
				8B426A7F2D8E93E200CC4931 /* PBXTargetDependency */,
			);
			fileSystemSynchronizedGroups = (
				8B426A802D8E93E200CC4931 /* 8thWorkbookUITests */,
			);
			name = 8thWorkbookUITests;
			packageProductDependencies = (
			);
			productName = 8thWorkbookUITests;
			productReference = 8B426A7D2D8E93E200CC4931 /* 8thWorkbookUITests.xctest */;
			productType = "com.apple.product-type.bundle.ui-testing";
		};
/* End PBXNativeTarget section */

/* Begin PBXProject section */
		8B426A5B2D8E93E100CC4931 /* Project object */ = {
			isa = PBXProject;
			attributes = {
				BuildIndependentTargetsInParallel = 1;
				LastSwiftUpdateCheck = 1620;
				LastUpgradeCheck = 1620;
				TargetAttributes = {
					8B426A622D8E93E100CC4931 = {
						CreatedOnToolsVersion = 16.2;
					};
					8B426A722D8E93E200CC4931 = {
						CreatedOnToolsVersion = 16.2;
						TestTargetID = 8B426A622D8E93E100CC4931;
					};
					8B426A7C2D8E93E200CC4931 = {
						CreatedOnToolsVersion = 16.2;
						TestTargetID = 8B426A622D8E93E100CC4931;
					};
				};
			};
			buildConfigurationList = 8B426A5E2D8E93E100CC4931 /* Build configuration list for PBXProject "8thWorkbook" */;
			developmentRegion = en;
			hasScannedForEncodings = 0;
			knownRegions = (
				en,
				Base,
			);
			mainGroup = 8B426A5A2D8E93E100CC4931;
			minimizedProjectReferenceProxies = 1;
			preferredProjectObjectVersion = 77;
			productRefGroup = 8B426A642D8E93E100CC4931 /* Products */;
			projectDirPath = "";
			projectRoot = "";
			targets = (
				8B426A622D8E93E100CC4931 /* 8thWorkbook */,
				8B426A722D8E93E200CC4931 /* 8thWorkbookTests */,
				8B426A7C2D8E93E200CC4931 /* 8thWorkbookUITests */,
			);
		};
/* End PBXProject section */

/* Begin PBXResourcesBuildPhase section */
		8B426A612D8E93E100CC4931 /* Resources */ = {
			isa = PBXResourcesBuildPhase;
			buildActionMask = 2147483647;
			files = (
			);
			runOnlyForDeploymentPostprocessing = 0;
		};
		8B426A712D8E93E200CC4931 /* Resources */ = {
			isa = PBXResourcesBuildPhase;
			buildActionMask = 2147483647;
			files = (
			);
			runOnlyForDeploymentPostprocessing = 0;
		};
		8B426A7B2D8E93E200CC4931 /* Resources */ = {
			isa = PBXResourcesBuildPhase;
			buildActionMask = 2147483647;
			files = (
			);
			runOnlyForDeploymentPostprocessing = 0;
		};
/* End PBXResourcesBuildPhase section */

/* Begin PBXSourcesBuildPhase section */
		8B426A5F2D8E93E100CC4931 /* Sources */ = {
			isa = PBXSourcesBuildPhase;
			buildActionMask = 2147483647;
			files = (
			);
			runOnlyForDeploymentPostprocessing = 0;
		};
		8B426A6F2D8E93E200CC4931 /* Sources */ = {
			isa = PBXSourcesBuildPhase;
			buildActionMask = 2147483647;
			files = (
			);
			runOnlyForDeploymentPostprocessing = 0;
		};
		8B426A792D8E93E200CC4931 /* Sources */ = {
			isa = PBXSourcesBuildPhase;
			buildActionMask = 2147483647;
			files = (
			);
			runOnlyForDeploymentPostprocessing = 0;
		};
/* End PBXSourcesBuildPhase section */

/* Begin PBXTargetDependency section */
		8B426A752D8E93E200CC4931 /* PBXTargetDependency */ = {
			isa = PBXTargetDependency;
			target = 8B426A622D8E93E100CC4931 /* 8thWorkbook */;
			targetProxy = 8B426A742D8E93E200CC4931 /* PBXContainerItemProxy */;
		};
		8B426A7F2D8E93E200CC4931 /* PBXTargetDependency */ = {
			isa = PBXTargetDependency;
			target = 8B426A622D8E93E100CC4931 /* 8thWorkbook */;
			targetProxy = 8B426A7E2D8E93E200CC4931 /* PBXContainerItemProxy */;
		};
/* End PBXTargetDependency section */

/* Begin XCBuildConfiguration section */
		8B426A852D8E93E200CC4931 /* Debug */ = {
			isa = XCBuildConfiguration;
			buildSettings = {
				ALWAYS_SEARCH_USER_PATHS = NO;
				ASSETCATALOG_COMPILER_GENERATE_SWIFT_ASSET_SYMBOL_EXTENSIONS = YES;
				CLANG_ANALYZER_NONNULL = YES;
				CLANG_ANALYZER_NUMBER_OBJECT_CONVERSION = YES_AGGRESSIVE;
				CLANG_CXX_LANGUAGE_STANDARD = "gnu++20";
				CLANG_ENABLE_MODULES = YES;
				CLANG_ENABLE_OBJC_ARC = YES;
				CLANG_ENABLE_OBJC_WEAK = YES;
				CLANG_WARN_BLOCK_CAPTURE_AUTORELEASING = YES;
				CLANG_WARN_BOOL_CONVERSION = YES;
				CLANG_WARN_COMMA = YES;
				CLANG_WARN_CONSTANT_CONVERSION = YES;
				CLANG_WARN_DEPRECATED_OBJC_IMPLEMENTATIONS = YES;
				CLANG_WARN_DIRECT_OBJC_ISA_USAGE = YES_ERROR;
				CLANG_WARN_DOCUMENTATION_COMMENTS = YES;
				CLANG_WARN_EMPTY_BODY = YES;
				CLANG_WARN_ENUM_CONVERSION = YES;
				CLANG_WARN_INFINITE_RECURSION = YES;
				CLANG_WARN_INT_CONVERSION = YES;
				CLANG_WARN_NON_LITERAL_NULL_CONVERSION = YES;
				CLANG_WARN_OBJC_IMPLICIT_RETAIN_SELF = YES;
				CLANG_WARN_OBJC_LITERAL_CONVERSION = YES;
				CLANG_WARN_OBJC_ROOT_CLASS = YES_ERROR;
				CLANG_WARN_QUOTED_INCLUDE_IN_FRAMEWORK_HEADER = YES;
				CLANG_WARN_RANGE_LOOP_ANALYSIS = YES;
				CLANG_WARN_STRICT_PROTOTYPES = YES;
				CLANG_WARN_SUSPICIOUS_MOVE = YES;
				CLANG_WARN_UNGUARDED_AVAILABILITY = YES_AGGRESSIVE;
				CLANG_WARN_UNREACHABLE_CODE = YES;
				CLANG_WARN__DUPLICATE_METHOD_MATCH = YES;
				COPY_PHASE_STRIP = NO;
				DEBUG_INFORMATION_FORMAT = dwarf;
				ENABLE_STRICT_OBJC_MSGSEND = YES;
				ENABLE_TESTABILITY = YES;
				ENABLE_USER_SCRIPT_SANDBOXING = YES;
				GCC_C_LANGUAGE_STANDARD = gnu17;
				GCC_DYNAMIC_NO_PIC = NO;
				GCC_NO_COMMON_BLOCKS = YES;
				GCC_OPTIMIZATION_LEVEL = 0;
				GCC_PREPROCESSOR_DEFINITIONS = (
					"DEBUG=1",
					"$(inherited)",
				);
				GCC_WARN_64_TO_32_BIT_CONVERSION = YES;
				GCC_WARN_ABOUT_RETURN_TYPE = YES_ERROR;
				GCC_WARN_UNDECLARED_SELECTOR = YES;
				GCC_WARN_UNINITIALIZED_AUTOS = YES_AGGRESSIVE;
				GCC_WARN_UNUSED_FUNCTION = YES;
				GCC_WARN_UNUSED_VARIABLE = YES;
				IPHONEOS_DEPLOYMENT_TARGET = 18.2;
				LOCALIZATION_PREFERS_STRING_CATALOGS = YES;
				MTL_ENABLE_DEBUG_INFO = INCLUDE_SOURCE;
				MTL_FAST_MATH = YES;
				ONLY_ACTIVE_ARCH = YES;
				SDKROOT = iphoneos;
				SWIFT_ACTIVE_COMPILATION_CONDITIONS = "DEBUG $(inherited)";
				SWIFT_OPTIMIZATION_LEVEL = "-Onone";
			};
			name = Debug;
		};
		8B426A862D8E93E200CC4931 /* Release */ = {
			isa = XCBuildConfiguration;
			buildSettings = {
				ALWAYS_SEARCH_USER_PATHS = NO;
				ASSETCATALOG_COMPILER_GENERATE_SWIFT_ASSET_SYMBOL_EXTENSIONS = YES;
				CLANG_ANALYZER_NONNULL = YES;
				CLANG_ANALYZER_NUMBER_OBJECT_CONVERSION = YES_AGGRESSIVE;
				CLANG_CXX_LANGUAGE_STANDARD = "gnu++20";
				CLANG_ENABLE_MODULES = YES;
				CLANG_ENABLE_OBJC_ARC = YES;
				CLANG_ENABLE_OBJC_WEAK = YES;
				CLANG_WARN_BLOCK_CAPTURE_AUTORELEASING = YES;
				CLANG_WARN_BOOL_CONVERSION = YES;
				CLANG_WARN_COMMA = YES;
				CLANG_WARN_CONSTANT_CONVERSION = YES;
				CLANG_WARN_DEPRECATED_OBJC_IMPLEMENTATIONS = YES;
				CLANG_WARN_DIRECT_OBJC_ISA_USAGE = YES_ERROR;
				CLANG_WARN_DOCUMENTATION_COMMENTS = YES;
				CLANG_WARN_EMPTY_BODY = YES;
				CLANG_WARN_ENUM_CONVERSION = YES;
				CLANG_WARN_INFINITE_RECURSION = YES;
				CLANG_WARN_INT_CONVERSION = YES;
				CLANG_WARN_NON_LITERAL_NULL_CONVERSION = YES;
				CLANG_WARN_OBJC_IMPLICIT_RETAIN_SELF = YES;
				CLANG_WARN_OBJC_LITERAL_CONVERSION = YES;
				CLANG_WARN_OBJC_ROOT_CLASS = YES_ERROR;
				CLANG_WARN_QUOTED_INCLUDE_IN_FRAMEWORK_HEADER = YES;
				CLANG_WARN_RANGE_LOOP_ANALYSIS = YES;
				CLANG_WARN_STRICT_PROTOTYPES = YES;
				CLANG_WARN_SUSPICIOUS_MOVE = YES;
				CLANG_WARN_UNGUARDED_AVAILABILITY = YES_AGGRESSIVE;
				CLANG_WARN_UNREACHABLE_CODE = YES;
				CLANG_WARN__DUPLICATE_METHOD_MATCH = YES;
				COPY_PHASE_STRIP = NO;
				DEBUG_INFORMATION_FORMAT = "dwarf-with-dsym";
				ENABLE_NS_ASSERTIONS = NO;
				ENABLE_STRICT_OBJC_MSGSEND = YES;
				ENABLE_USER_SCRIPT_SANDBOXING = YES;
				GCC_C_LANGUAGE_STANDARD = gnu17;
				GCC_NO_COMMON_BLOCKS = YES;
				GCC_WARN_64_TO_32_BIT_CONVERSION = YES;
				GCC_WARN_ABOUT_RETURN_TYPE = YES_ERROR;
				GCC_WARN_UNDECLARED_SELECTOR = YES;
				GCC_WARN_UNINITIALIZED_AUTOS = YES_AGGRESSIVE;
				GCC_WARN_UNUSED_FUNCTION = YES;
				GCC_WARN_UNUSED_VARIABLE = YES;
				IPHONEOS_DEPLOYMENT_TARGET = 18.2;
				LOCALIZATION_PREFERS_STRING_CATALOGS = YES;
				MTL_ENABLE_DEBUG_INFO = NO;
				MTL_FAST_MATH = YES;
				SDKROOT = iphoneos;
				SWIFT_COMPILATION_MODE = wholemodule;
				VALIDATE_PRODUCT = YES;
			};
			name = Release;
		};
		8B426A882D8E93E200CC4931 /* Debug */ = {
			isa = XCBuildConfiguration;
			buildSettings = {
				ASSETCATALOG_COMPILER_APPICON_NAME = AppIcon;
				ASSETCATALOG_COMPILER_GLOBAL_ACCENT_COLOR_NAME = AccentColor;
				CODE_SIGN_STYLE = Automatic;
				CURRENT_PROJECT_VERSION = 1;
				DEVELOPMENT_ASSET_PATHS = "\"8thWorkbook/Preview Content\"";
				ENABLE_PREVIEWS = YES;
				GENERATE_INFOPLIST_FILE = YES;
				INFOPLIST_KEY_UIApplicationSceneManifest_Generation = YES;
				INFOPLIST_KEY_UIApplicationSupportsIndirectInputEvents = YES;
				INFOPLIST_KEY_UILaunchScreen_Generation = YES;
				INFOPLIST_KEY_UISupportedInterfaceOrientations_iPad = "UIInterfaceOrientationPortrait UIInterfaceOrientationPortraitUpsideDown UIInterfaceOrientationLandscapeLeft UIInterfaceOrientationLandscapeRight";
				INFOPLIST_KEY_UISupportedInterfaceOrientations_iPhone = "UIInterfaceOrientationPortrait UIInterfaceOrientationLandscapeLeft UIInterfaceOrientationLandscapeRight";
				LD_RUNPATH_SEARCH_PATHS = (
					"$(inherited)",
					"@executable_path/Frameworks",
				);
				MARKETING_VERSION = 1.0;
				PRODUCT_BUNDLE_IDENTIFIER = "com.judyj.-thWorkbook";
				PRODUCT_NAME = "$(TARGET_NAME)";
				SWIFT_EMIT_LOC_STRINGS = YES;
				SWIFT_VERSION = 5.0;
				TARGETED_DEVICE_FAMILY = "1,2";
			};
			name = Debug;
		};
		8B426A892D8E93E200CC4931 /* Release */ = {
			isa = XCBuildConfiguration;
			buildSettings = {
				ASSETCATALOG_COMPILER_APPICON_NAME = AppIcon;
				ASSETCATALOG_COMPILER_GLOBAL_ACCENT_COLOR_NAME = AccentColor;
				CODE_SIGN_STYLE = Automatic;
				CURRENT_PROJECT_VERSION = 1;
				DEVELOPMENT_ASSET_PATHS = "\"8thWorkbook/Preview Content\"";
				ENABLE_PREVIEWS = YES;
				GENERATE_INFOPLIST_FILE = YES;
				INFOPLIST_KEY_UIApplicationSceneManifest_Generation = YES;
				INFOPLIST_KEY_UIApplicationSupportsIndirectInputEvents = YES;
				INFOPLIST_KEY_UILaunchScreen_Generation = YES;
				INFOPLIST_KEY_UISupportedInterfaceOrientations_iPad = "UIInterfaceOrientationPortrait UIInterfaceOrientationPortraitUpsideDown UIInterfaceOrientationLandscapeLeft UIInterfaceOrientationLandscapeRight";
				INFOPLIST_KEY_UISupportedInterfaceOrientations_iPhone = "UIInterfaceOrientationPortrait UIInterfaceOrientationLandscapeLeft UIInterfaceOrientationLandscapeRight";
				LD_RUNPATH_SEARCH_PATHS = (
					"$(inherited)",
					"@executable_path/Frameworks",
				);
				MARKETING_VERSION = 1.0;
				PRODUCT_BUNDLE_IDENTIFIER = "com.judyj.-thWorkbook";
				PRODUCT_NAME = "$(TARGET_NAME)";
				SWIFT_EMIT_LOC_STRINGS = YES;
				SWIFT_VERSION = 5.0;
				TARGETED_DEVICE_FAMILY = "1,2";
			};
			name = Release;
		};
		8B426A8B2D8E93E200CC4931 /* Debug */ = {
			isa = XCBuildConfiguration;
			buildSettings = {
				BUNDLE_LOADER = "$(TEST_HOST)";
				CODE_SIGN_STYLE = Automatic;
				CURRENT_PROJECT_VERSION = 1;
				GENERATE_INFOPLIST_FILE = YES;
				IPHONEOS_DEPLOYMENT_TARGET = 18.2;
				MARKETING_VERSION = 1.0;
				PRODUCT_BUNDLE_IDENTIFIER = "com.judyj.-thWorkbookTests";
				PRODUCT_NAME = "$(TARGET_NAME)";
				SWIFT_EMIT_LOC_STRINGS = NO;
				SWIFT_VERSION = 5.0;
				TARGETED_DEVICE_FAMILY = "1,2";
				TEST_HOST = "$(BUILT_PRODUCTS_DIR)/8thWorkbook.app/$(BUNDLE_EXECUTABLE_FOLDER_PATH)/8thWorkbook";
			};
			name = Debug;
		};
		8B426A8C2D8E93E200CC4931 /* Release */ = {
			isa = XCBuildConfiguration;
			buildSettings = {
				BUNDLE_LOADER = "$(TEST_HOST)";
				CODE_SIGN_STYLE = Automatic;
				CURRENT_PROJECT_VERSION = 1;
				GENERATE_INFOPLIST_FILE = YES;
				IPHONEOS_DEPLOYMENT_TARGET = 18.2;
				MARKETING_VERSION = 1.0;
				PRODUCT_BUNDLE_IDENTIFIER = "com.judyj.-thWorkbookTests";
				PRODUCT_NAME = "$(TARGET_NAME)";
				SWIFT_EMIT_LOC_STRINGS = NO;
				SWIFT_VERSION = 5.0;
				TARGETED_DEVICE_FAMILY = "1,2";
				TEST_HOST = "$(BUILT_PRODUCTS_DIR)/8thWorkbook.app/$(BUNDLE_EXECUTABLE_FOLDER_PATH)/8thWorkbook";
			};
			name = Release;
		};
		8B426A8E2D8E93E200CC4931 /* Debug */ = {
			isa = XCBuildConfiguration;
			buildSettings = {
				CODE_SIGN_STYLE = Automatic;
				CURRENT_PROJECT_VERSION = 1;
				GENERATE_INFOPLIST_FILE = YES;
				MARKETING_VERSION = 1.0;
				PRODUCT_BUNDLE_IDENTIFIER = "com.judyj.-thWorkbookUITests";
				PRODUCT_NAME = "$(TARGET_NAME)";
				SWIFT_EMIT_LOC_STRINGS = NO;
				SWIFT_VERSION = 5.0;
				TARGETED_DEVICE_FAMILY = "1,2";
				TEST_TARGET_NAME = 8thWorkbook;
			};
			name = Debug;
		};
		8B426A8F2D8E93E200CC4931 /* Release */ = {
			isa = XCBuildConfiguration;
			buildSettings = {
				CODE_SIGN_STYLE = Automatic;
				CURRENT_PROJECT_VERSION = 1;
				GENERATE_INFOPLIST_FILE = YES;
				MARKETING_VERSION = 1.0;
				PRODUCT_BUNDLE_IDENTIFIER = "com.judyj.-thWorkbookUITests";
				PRODUCT_NAME = "$(TARGET_NAME)";
				SWIFT_EMIT_LOC_STRINGS = NO;
				SWIFT_VERSION = 5.0;
				TARGETED_DEVICE_FAMILY = "1,2";
				TEST_TARGET_NAME = 8thWorkbook;
			};
			name = Release;
		};
/* End XCBuildConfiguration section */

/* Begin XCConfigurationList section */
		8B426A5E2D8E93E100CC4931 /* Build configuration list for PBXProject "8thWorkbook" */ = {
			isa = XCConfigurationList;
			buildConfigurations = (
				8B426A852D8E93E200CC4931 /* Debug */,
				8B426A862D8E93E200CC4931 /* Release */,
			);
			defaultConfigurationIsVisible = 0;
			defaultConfigurationName = Release;
		};
		8B426A872D8E93E200CC4931 /* Build configuration list for PBXNativeTarget "8thWorkbook" */ = {
			isa = XCConfigurationList;
			buildConfigurations = (
				8B426A882D8E93E200CC4931 /* Debug */,
				8B426A892D8E93E200CC4931 /* Release */,
			);
			defaultConfigurationIsVisible = 0;
			defaultConfigurationName = Release;
		};
		8B426A8A2D8E93E200CC4931 /* Build configuration list for PBXNativeTarget "8thWorkbookTests" */ = {
			isa = XCConfigurationList;
			buildConfigurations = (
				8B426A8B2D8E93E200CC4931 /* Debug */,
				8B426A8C2D8E93E200CC4931 /* Release */,
			);
			defaultConfigurationIsVisible = 0;
			defaultConfigurationName = Release;
		};
		8B426A8D2D8E93E200CC4931 /* Build configuration list for PBXNativeTarget "8thWorkbookUITests" */ = {
			isa = XCConfigurationList;
			buildConfigurations = (
				8B426A8E2D8E93E200CC4931 /* Debug */,
				8B426A8F2D8E93E200CC4931 /* Release */,
			);
			defaultConfigurationIsVisible = 0;
			defaultConfigurationName = Release;
		};
/* End XCConfigurationList section */
	};
	rootObject = 8B426A5B2D8E93E100CC4931 /* Project object */;
}
