// !$*UTF8*$!
{
	archiveVersion = 1;
	classes = {
	};
	objectVersion = 77;
	objects = {

/* Begin PBXContainerItemProxy section */
		8B544E682D90085000BF1C5E /* PBXContainerItemProxy */ = {
			isa = PBXContainerItemProxy;
			containerPortal = 8B544E4F2D90084F00BF1C5E /* Project object */;
			proxyType = 1;
			remoteGlobalIDString = 8B544E562D90084F00BF1C5E;
			remoteInfo = FirstSilsoup;
		};
		8B544E722D90085000BF1C5E /* PBXContainerItemProxy */ = {
			isa = PBXContainerItemProxy;
			containerPortal = 8B544E4F2D90084F00BF1C5E /* Project object */;
			proxyType = 1;
			remoteGlobalIDString = 8B544E562D90084F00BF1C5E;
			remoteInfo = FirstSilsoup;
		};
/* End PBXContainerItemProxy section */

/* Begin PBXFileReference section */
		8B544E572D90084F00BF1C5E /* FirstSilsoup.app */ = {isa = PBXFileReference; explicitFileType = wrapper.application; includeInIndex = 0; path = FirstSilsoup.app; sourceTree = BUILT_PRODUCTS_DIR; };
		8B544E672D90085000BF1C5E /* FirstSilsoupTests.xctest */ = {isa = PBXFileReference; explicitFileType = wrapper.cfbundle; includeInIndex = 0; path = FirstSilsoupTests.xctest; sourceTree = BUILT_PRODUCTS_DIR; };
		8B544E712D90085000BF1C5E /* FirstSilsoupUITests.xctest */ = {isa = PBXFileReference; explicitFileType = wrapper.cfbundle; includeInIndex = 0; path = FirstSilsoupUITests.xctest; sourceTree = BUILT_PRODUCTS_DIR; };
/* End PBXFileReference section */

/* Begin PBXFileSystemSynchronizedBuildFileExceptionSet section */
		8B544E9A2D90090E00BF1C5E /* Exceptions for "FirstSilsoup" folder in "FirstSilsoup" target */ = {
			isa = PBXFileSystemSynchronizedBuildFileExceptionSet;
			membershipExceptions = (
				Info.plist,
			);
			target = 8B544E562D90084F00BF1C5E /* FirstSilsoup */;
		};
/* End PBXFileSystemSynchronizedBuildFileExceptionSet section */

/* Begin PBXFileSystemSynchronizedRootGroup section */
		8B544E592D90084F00BF1C5E /* FirstSilsoup */ = {
			isa = PBXFileSystemSynchronizedRootGroup;
			exceptions = (
				8B544E9A2D90090E00BF1C5E /* Exceptions for "FirstSilsoup" folder in "FirstSilsoup" target */,
			);
			path = FirstSilsoup;
			sourceTree = "<group>";
		};
		8B544E6A2D90085000BF1C5E /* FirstSilsoupTests */ = {
			isa = PBXFileSystemSynchronizedRootGroup;
			path = FirstSilsoupTests;
			sourceTree = "<group>";
		};
		8B544E742D90085000BF1C5E /* FirstSilsoupUITests */ = {
			isa = PBXFileSystemSynchronizedRootGroup;
			path = FirstSilsoupUITests;
			sourceTree = "<group>";
		};
/* End PBXFileSystemSynchronizedRootGroup section */

/* Begin PBXFrameworksBuildPhase section */
		8B544E542D90084F00BF1C5E /* Frameworks */ = {
			isa = PBXFrameworksBuildPhase;
			buildActionMask = 2147483647;
			files = (
			);
			runOnlyForDeploymentPostprocessing = 0;
		};
		8B544E642D90085000BF1C5E /* Frameworks */ = {
			isa = PBXFrameworksBuildPhase;
			buildActionMask = 2147483647;
			files = (
			);
			runOnlyForDeploymentPostprocessing = 0;
		};
		8B544E6E2D90085000BF1C5E /* Frameworks */ = {
			isa = PBXFrameworksBuildPhase;
			buildActionMask = 2147483647;
			files = (
			);
			runOnlyForDeploymentPostprocessing = 0;
		};
/* End PBXFrameworksBuildPhase section */

/* Begin PBXGroup section */
		8B544E4E2D90084F00BF1C5E = {
			isa = PBXGroup;
			children = (
				8B544E592D90084F00BF1C5E /* FirstSilsoup */,
				8B544E6A2D90085000BF1C5E /* FirstSilsoupTests */,
				8B544E742D90085000BF1C5E /* FirstSilsoupUITests */,
				8B544E582D90084F00BF1C5E /* Products */,
			);
			sourceTree = "<group>";
		};
		8B544E582D90084F00BF1C5E /* Products */ = {
			isa = PBXGroup;
			children = (
				8B544E572D90084F00BF1C5E /* FirstSilsoup.app */,
				8B544E672D90085000BF1C5E /* FirstSilsoupTests.xctest */,
				8B544E712D90085000BF1C5E /* FirstSilsoupUITests.xctest */,
			);
			name = Products;
			sourceTree = "<group>";
		};
/* End PBXGroup section */

/* Begin PBXNativeTarget section */
		8B544E562D90084F00BF1C5E /* FirstSilsoup */ = {
			isa = PBXNativeTarget;
			buildConfigurationList = 8B544E7B2D90085000BF1C5E /* Build configuration list for PBXNativeTarget "FirstSilsoup" */;
			buildPhases = (
				8B544E532D90084F00BF1C5E /* Sources */,
				8B544E542D90084F00BF1C5E /* Frameworks */,
				8B544E552D90084F00BF1C5E /* Resources */,
			);
			buildRules = (
			);
			dependencies = (
			);
			fileSystemSynchronizedGroups = (
				8B544E592D90084F00BF1C5E /* FirstSilsoup */,
			);
			name = FirstSilsoup;
			packageProductDependencies = (
			);
			productName = FirstSilsoup;
			productReference = 8B544E572D90084F00BF1C5E /* FirstSilsoup.app */;
			productType = "com.apple.product-type.application";
		};
		8B544E662D90085000BF1C5E /* FirstSilsoupTests */ = {
			isa = PBXNativeTarget;
			buildConfigurationList = 8B544E7E2D90085000BF1C5E /* Build configuration list for PBXNativeTarget "FirstSilsoupTests" */;
			buildPhases = (
				8B544E632D90085000BF1C5E /* Sources */,
				8B544E642D90085000BF1C5E /* Frameworks */,
				8B544E652D90085000BF1C5E /* Resources */,
			);
			buildRules = (
			);
			dependencies = (
				8B544E692D90085000BF1C5E /* PBXTargetDependency */,
			);
			fileSystemSynchronizedGroups = (
				8B544E6A2D90085000BF1C5E /* FirstSilsoupTests */,
			);
			name = FirstSilsoupTests;
			packageProductDependencies = (
			);
			productName = FirstSilsoupTests;
			productReference = 8B544E672D90085000BF1C5E /* FirstSilsoupTests.xctest */;
			productType = "com.apple.product-type.bundle.unit-test";
		};
		8B544E702D90085000BF1C5E /* FirstSilsoupUITests */ = {
			isa = PBXNativeTarget;
			buildConfigurationList = 8B544E812D90085000BF1C5E /* Build configuration list for PBXNativeTarget "FirstSilsoupUITests" */;
			buildPhases = (
				8B544E6D2D90085000BF1C5E /* Sources */,
				8B544E6E2D90085000BF1C5E /* Frameworks */,
				8B544E6F2D90085000BF1C5E /* Resources */,
			);
			buildRules = (
			);
			dependencies = (
				8B544E732D90085000BF1C5E /* PBXTargetDependency */,
			);
			fileSystemSynchronizedGroups = (
				8B544E742D90085000BF1C5E /* FirstSilsoupUITests */,
			);
			name = FirstSilsoupUITests;
			packageProductDependencies = (
			);
			productName = FirstSilsoupUITests;
			productReference = 8B544E712D90085000BF1C5E /* FirstSilsoupUITests.xctest */;
			productType = "com.apple.product-type.bundle.ui-testing";
		};
/* End PBXNativeTarget section */

/* Begin PBXProject section */
		8B544E4F2D90084F00BF1C5E /* Project object */ = {
			isa = PBXProject;
			attributes = {
				BuildIndependentTargetsInParallel = 1;
				LastSwiftUpdateCheck = 1620;
				LastUpgradeCheck = 1620;
				TargetAttributes = {
					8B544E562D90084F00BF1C5E = {
						CreatedOnToolsVersion = 16.2;
					};
					8B544E662D90085000BF1C5E = {
						CreatedOnToolsVersion = 16.2;
						TestTargetID = 8B544E562D90084F00BF1C5E;
					};
					8B544E702D90085000BF1C5E = {
						CreatedOnToolsVersion = 16.2;
						TestTargetID = 8B544E562D90084F00BF1C5E;
					};
				};
			};
			buildConfigurationList = 8B544E522D90084F00BF1C5E /* Build configuration list for PBXProject "FirstSilsoup" */;
			developmentRegion = en;
			hasScannedForEncodings = 0;
			knownRegions = (
				en,
				Base,
			);
			mainGroup = 8B544E4E2D90084F00BF1C5E;
			minimizedProjectReferenceProxies = 1;
			preferredProjectObjectVersion = 77;
			productRefGroup = 8B544E582D90084F00BF1C5E /* Products */;
			projectDirPath = "";
			projectRoot = "";
			targets = (
				8B544E562D90084F00BF1C5E /* FirstSilsoup */,
				8B544E662D90085000BF1C5E /* FirstSilsoupTests */,
				8B544E702D90085000BF1C5E /* FirstSilsoupUITests */,
			);
		};
/* End PBXProject section */

/* Begin PBXResourcesBuildPhase section */
		8B544E552D90084F00BF1C5E /* Resources */ = {
			isa = PBXResourcesBuildPhase;
			buildActionMask = 2147483647;
			files = (
			);
			runOnlyForDeploymentPostprocessing = 0;
		};
		8B544E652D90085000BF1C5E /* Resources */ = {
			isa = PBXResourcesBuildPhase;
			buildActionMask = 2147483647;
			files = (
			);
			runOnlyForDeploymentPostprocessing = 0;
		};
		8B544E6F2D90085000BF1C5E /* Resources */ = {
			isa = PBXResourcesBuildPhase;
			buildActionMask = 2147483647;
			files = (
			);
			runOnlyForDeploymentPostprocessing = 0;
		};
/* End PBXResourcesBuildPhase section */

/* Begin PBXSourcesBuildPhase section */
		8B544E532D90084F00BF1C5E /* Sources */ = {
			isa = PBXSourcesBuildPhase;
			buildActionMask = 2147483647;
			files = (
			);
			runOnlyForDeploymentPostprocessing = 0;
		};
		8B544E632D90085000BF1C5E /* Sources */ = {
			isa = PBXSourcesBuildPhase;
			buildActionMask = 2147483647;
			files = (
			);
			runOnlyForDeploymentPostprocessing = 0;
		};
		8B544E6D2D90085000BF1C5E /* Sources */ = {
			isa = PBXSourcesBuildPhase;
			buildActionMask = 2147483647;
			files = (
			);
			runOnlyForDeploymentPostprocessing = 0;
		};
/* End PBXSourcesBuildPhase section */

/* Begin PBXTargetDependency section */
		8B544E692D90085000BF1C5E /* PBXTargetDependency */ = {
			isa = PBXTargetDependency;
			target = 8B544E562D90084F00BF1C5E /* FirstSilsoup */;
			targetProxy = 8B544E682D90085000BF1C5E /* PBXContainerItemProxy */;
		};
		8B544E732D90085000BF1C5E /* PBXTargetDependency */ = {
			isa = PBXTargetDependency;
			target = 8B544E562D90084F00BF1C5E /* FirstSilsoup */;
			targetProxy = 8B544E722D90085000BF1C5E /* PBXContainerItemProxy */;
		};
/* End PBXTargetDependency section */

/* Begin XCBuildConfiguration section */
		8B544E792D90085000BF1C5E /* Debug */ = {
			isa = XCBuildConfiguration;
			buildSettings = {
				ALWAYS_SEARCH_USER_PATHS = NO;
				ASSETCATALOG_COMPILER_GENERATE_SWIFT_ASSET_SYMBOL_EXTENSIONS = YES;
				CLANG_ANALYZER_NONNULL = YES;
				CLANG_ANALYZER_NUMBER_OBJECT_CONVERSION = YES_AGGRESSIVE;
				CLANG_CXX_LANGUAGE_STANDARD = "gnu++20";
				CLANG_ENABLE_MODULES = YES;
				CLANG_ENABLE_OBJC_ARC = YES;
				CLANG_ENABLE_OBJC_WEAK = YES;
				CLANG_WARN_BLOCK_CAPTURE_AUTORELEASING = YES;
				CLANG_WARN_BOOL_CONVERSION = YES;
				CLANG_WARN_COMMA = YES;
				CLANG_WARN_CONSTANT_CONVERSION = YES;
				CLANG_WARN_DEPRECATED_OBJC_IMPLEMENTATIONS = YES;
				CLANG_WARN_DIRECT_OBJC_ISA_USAGE = YES_ERROR;
				CLANG_WARN_DOCUMENTATION_COMMENTS = YES;
				CLANG_WARN_EMPTY_BODY = YES;
				CLANG_WARN_ENUM_CONVERSION = YES;
				CLANG_WARN_INFINITE_RECURSION = YES;
				CLANG_WARN_INT_CONVERSION = YES;
				CLANG_WARN_NON_LITERAL_NULL_CONVERSION = YES;
				CLANG_WARN_OBJC_IMPLICIT_RETAIN_SELF = YES;
				CLANG_WARN_OBJC_LITERAL_CONVERSION = YES;
				CLANG_WARN_OBJC_ROOT_CLASS = YES_ERROR;
				CLANG_WARN_QUOTED_INCLUDE_IN_FRAMEWORK_HEADER = YES;
				CLANG_WARN_RANGE_LOOP_ANALYSIS = YES;
				CLANG_WARN_STRICT_PROTOTYPES = YES;
				CLANG_WARN_SUSPICIOUS_MOVE = YES;
				CLANG_WARN_UNGUARDED_AVAILABILITY = YES_AGGRESSIVE;
				CLANG_WARN_UNREACHABLE_CODE = YES;
				CLANG_WARN__DUPLICATE_METHOD_MATCH = YES;
				COPY_PHASE_STRIP = NO;
				DEBUG_INFORMATION_FORMAT = dwarf;
				ENABLE_STRICT_OBJC_MSGSEND = YES;
				ENABLE_TESTABILITY = YES;
				ENABLE_USER_SCRIPT_SANDBOXING = YES;
				GCC_C_LANGUAGE_STANDARD = gnu17;
				GCC_DYNAMIC_NO_PIC = NO;
				GCC_NO_COMMON_BLOCKS = YES;
				GCC_OPTIMIZATION_LEVEL = 0;
				GCC_PREPROCESSOR_DEFINITIONS = (
					"DEBUG=1",
					"$(inherited)",
				);
				GCC_WARN_64_TO_32_BIT_CONVERSION = YES;
				GCC_WARN_ABOUT_RETURN_TYPE = YES_ERROR;
				GCC_WARN_UNDECLARED_SELECTOR = YES;
				GCC_WARN_UNINITIALIZED_AUTOS = YES_AGGRESSIVE;
				GCC_WARN_UNUSED_FUNCTION = YES;
				GCC_WARN_UNUSED_VARIABLE = YES;
				IPHONEOS_DEPLOYMENT_TARGET = 18.2;
				LOCALIZATION_PREFERS_STRING_CATALOGS = YES;
				MTL_ENABLE_DEBUG_INFO = INCLUDE_SOURCE;
				MTL_FAST_MATH = YES;
				ONLY_ACTIVE_ARCH = YES;
				SDKROOT = iphoneos;
				SWIFT_ACTIVE_COMPILATION_CONDITIONS = "DEBUG $(inherited)";
				SWIFT_OPTIMIZATION_LEVEL = "-Onone";
			};
			name = Debug;
		};
		8B544E7A2D90085000BF1C5E /* Release */ = {
			isa = XCBuildConfiguration;
			buildSettings = {
				ALWAYS_SEARCH_USER_PATHS = NO;
				ASSETCATALOG_COMPILER_GENERATE_SWIFT_ASSET_SYMBOL_EXTENSIONS = YES;
				CLANG_ANALYZER_NONNULL = YES;
				CLANG_ANALYZER_NUMBER_OBJECT_CONVERSION = YES_AGGRESSIVE;
				CLANG_CXX_LANGUAGE_STANDARD = "gnu++20";
				CLANG_ENABLE_MODULES = YES;
				CLANG_ENABLE_OBJC_ARC = YES;
				CLANG_ENABLE_OBJC_WEAK = YES;
				CLANG_WARN_BLOCK_CAPTURE_AUTORELEASING = YES;
				CLANG_WARN_BOOL_CONVERSION = YES;
				CLANG_WARN_COMMA = YES;
				CLANG_WARN_CONSTANT_CONVERSION = YES;
				CLANG_WARN_DEPRECATED_OBJC_IMPLEMENTATIONS = YES;
				CLANG_WARN_DIRECT_OBJC_ISA_USAGE = YES_ERROR;
				CLANG_WARN_DOCUMENTATION_COMMENTS = YES;
				CLANG_WARN_EMPTY_BODY = YES;
				CLANG_WARN_ENUM_CONVERSION = YES;
				CLANG_WARN_INFINITE_RECURSION = YES;
				CLANG_WARN_INT_CONVERSION = YES;
				CLANG_WARN_NON_LITERAL_NULL_CONVERSION = YES;
				CLANG_WARN_OBJC_IMPLICIT_RETAIN_SELF = YES;
				CLANG_WARN_OBJC_LITERAL_CONVERSION = YES;
				CLANG_WARN_OBJC_ROOT_CLASS = YES_ERROR;
				CLANG_WARN_QUOTED_INCLUDE_IN_FRAMEWORK_HEADER = YES;
				CLANG_WARN_RANGE_LOOP_ANALYSIS = YES;
				CLANG_WARN_STRICT_PROTOTYPES = YES;
				CLANG_WARN_SUSPICIOUS_MOVE = YES;
				CLANG_WARN_UNGUARDED_AVAILABILITY = YES_AGGRESSIVE;
				CLANG_WARN_UNREACHABLE_CODE = YES;
				CLANG_WARN__DUPLICATE_METHOD_MATCH = YES;
				COPY_PHASE_STRIP = NO;
				DEBUG_INFORMATION_FORMAT = "dwarf-with-dsym";
				ENABLE_NS_ASSERTIONS = NO;
				ENABLE_STRICT_OBJC_MSGSEND = YES;
				ENABLE_USER_SCRIPT_SANDBOXING = YES;
				GCC_C_LANGUAGE_STANDARD = gnu17;
				GCC_NO_COMMON_BLOCKS = YES;
				GCC_WARN_64_TO_32_BIT_CONVERSION = YES;
				GCC_WARN_ABOUT_RETURN_TYPE = YES_ERROR;
				GCC_WARN_UNDECLARED_SELECTOR = YES;
				GCC_WARN_UNINITIALIZED_AUTOS = YES_AGGRESSIVE;
				GCC_WARN_UNUSED_FUNCTION = YES;
				GCC_WARN_UNUSED_VARIABLE = YES;
				IPHONEOS_DEPLOYMENT_TARGET = 18.2;
				LOCALIZATION_PREFERS_STRING_CATALOGS = YES;
				MTL_ENABLE_DEBUG_INFO = NO;
				MTL_FAST_MATH = YES;
				SDKROOT = iphoneos;
				SWIFT_COMPILATION_MODE = wholemodule;
				VALIDATE_PRODUCT = YES;
			};
			name = Release;
		};
		8B544E7C2D90085000BF1C5E /* Debug */ = {
			isa = XCBuildConfiguration;
			buildSettings = {
				ASSETCATALOG_COMPILER_APPICON_NAME = AppIcon;
				ASSETCATALOG_COMPILER_GLOBAL_ACCENT_COLOR_NAME = AccentColor;
				CODE_SIGN_STYLE = Automatic;
				CURRENT_PROJECT_VERSION = 1;
				DEVELOPMENT_ASSET_PATHS = "\"FirstSilsoup/Preview Content\"";
				ENABLE_PREVIEWS = YES;
				GENERATE_INFOPLIST_FILE = YES;
				INFOPLIST_FILE = FirstSilsoup/Info.plist;
				INFOPLIST_KEY_UIApplicationSceneManifest_Generation = YES;
				INFOPLIST_KEY_UIApplicationSupportsIndirectInputEvents = YES;
				INFOPLIST_KEY_UILaunchScreen_Generation = YES;
				INFOPLIST_KEY_UISupportedInterfaceOrientations_iPad = "UIInterfaceOrientationPortrait UIInterfaceOrientationPortraitUpsideDown UIInterfaceOrientationLandscapeLeft UIInterfaceOrientationLandscapeRight";
				INFOPLIST_KEY_UISupportedInterfaceOrientations_iPhone = "UIInterfaceOrientationPortrait UIInterfaceOrientationLandscapeLeft UIInterfaceOrientationLandscapeRight";
				LD_RUNPATH_SEARCH_PATHS = (
					"$(inherited)",
					"@executable_path/Frameworks",
				);
				MARKETING_VERSION = 1.0;
				PRODUCT_BUNDLE_IDENTIFIER = com.judyj.FirstSilsoup;
				PRODUCT_NAME = "$(TARGET_NAME)";
				SWIFT_EMIT_LOC_STRINGS = YES;
				SWIFT_VERSION = 5.0;
				TARGETED_DEVICE_FAMILY = "1,2";
			};
			name = Debug;
		};
		8B544E7D2D90085000BF1C5E /* Release */ = {
			isa = XCBuildConfiguration;
			buildSettings = {
				ASSETCATALOG_COMPILER_APPICON_NAME = AppIcon;
				ASSETCATALOG_COMPILER_GLOBAL_ACCENT_COLOR_NAME = AccentColor;
				CODE_SIGN_STYLE = Automatic;
				CURRENT_PROJECT_VERSION = 1;
				DEVELOPMENT_ASSET_PATHS = "\"FirstSilsoup/Preview Content\"";
				ENABLE_PREVIEWS = YES;
				GENERATE_INFOPLIST_FILE = YES;
				INFOPLIST_FILE = FirstSilsoup/Info.plist;
				INFOPLIST_KEY_UIApplicationSceneManifest_Generation = YES;
				INFOPLIST_KEY_UIApplicationSupportsIndirectInputEvents = YES;
				INFOPLIST_KEY_UILaunchScreen_Generation = YES;
				INFOPLIST_KEY_UISupportedInterfaceOrientations_iPad = "UIInterfaceOrientationPortrait UIInterfaceOrientationPortraitUpsideDown UIInterfaceOrientationLandscapeLeft UIInterfaceOrientationLandscapeRight";
				INFOPLIST_KEY_UISupportedInterfaceOrientations_iPhone = "UIInterfaceOrientationPortrait UIInterfaceOrientationLandscapeLeft UIInterfaceOrientationLandscapeRight";
				LD_RUNPATH_SEARCH_PATHS = (
					"$(inherited)",
					"@executable_path/Frameworks",
				);
				MARKETING_VERSION = 1.0;
				PRODUCT_BUNDLE_IDENTIFIER = com.judyj.FirstSilsoup;
				PRODUCT_NAME = "$(TARGET_NAME)";
				SWIFT_EMIT_LOC_STRINGS = YES;
				SWIFT_VERSION = 5.0;
				TARGETED_DEVICE_FAMILY = "1,2";
			};
			name = Release;
		};
		8B544E7F2D90085000BF1C5E /* Debug */ = {
			isa = XCBuildConfiguration;
			buildSettings = {
				BUNDLE_LOADER = "$(TEST_HOST)";
				CODE_SIGN_STYLE = Automatic;
				CURRENT_PROJECT_VERSION = 1;
				GENERATE_INFOPLIST_FILE = YES;
				IPHONEOS_DEPLOYMENT_TARGET = 18.2;
				MARKETING_VERSION = 1.0;
				PRODUCT_BUNDLE_IDENTIFIER = com.judyj.FirstSilsoupTests;
				PRODUCT_NAME = "$(TARGET_NAME)";
				SWIFT_EMIT_LOC_STRINGS = NO;
				SWIFT_VERSION = 5.0;
				TARGETED_DEVICE_FAMILY = "1,2";
				TEST_HOST = "$(BUILT_PRODUCTS_DIR)/FirstSilsoup.app/$(BUNDLE_EXECUTABLE_FOLDER_PATH)/FirstSilsoup";
			};
			name = Debug;
		};
		8B544E802D90085000BF1C5E /* Release */ = {
			isa = XCBuildConfiguration;
			buildSettings = {
				BUNDLE_LOADER = "$(TEST_HOST)";
				CODE_SIGN_STYLE = Automatic;
				CURRENT_PROJECT_VERSION = 1;
				GENERATE_INFOPLIST_FILE = YES;
				IPHONEOS_DEPLOYMENT_TARGET = 18.2;
				MARKETING_VERSION = 1.0;
				PRODUCT_BUNDLE_IDENTIFIER = com.judyj.FirstSilsoupTests;
				PRODUCT_NAME = "$(TARGET_NAME)";
				SWIFT_EMIT_LOC_STRINGS = NO;
				SWIFT_VERSION = 5.0;
				TARGETED_DEVICE_FAMILY = "1,2";
				TEST_HOST = "$(BUILT_PRODUCTS_DIR)/FirstSilsoup.app/$(BUNDLE_EXECUTABLE_FOLDER_PATH)/FirstSilsoup";
			};
			name = Release;
		};
		8B544E822D90085000BF1C5E /* Debug */ = {
			isa = XCBuildConfiguration;
			buildSettings = {
				CODE_SIGN_STYLE = Automatic;
				CURRENT_PROJECT_VERSION = 1;
				GENERATE_INFOPLIST_FILE = YES;
				MARKETING_VERSION = 1.0;
				PRODUCT_BUNDLE_IDENTIFIER = com.judyj.FirstSilsoupUITests;
				PRODUCT_NAME = "$(TARGET_NAME)";
				SWIFT_EMIT_LOC_STRINGS = NO;
				SWIFT_VERSION = 5.0;
				TARGETED_DEVICE_FAMILY = "1,2";
				TEST_TARGET_NAME = FirstSilsoup;
			};
			name = Debug;
		};
		8B544E832D90085000BF1C5E /* Release */ = {
			isa = XCBuildConfiguration;
			buildSettings = {
				CODE_SIGN_STYLE = Automatic;
				CURRENT_PROJECT_VERSION = 1;
				GENERATE_INFOPLIST_FILE = YES;
				MARKETING_VERSION = 1.0;
				PRODUCT_BUNDLE_IDENTIFIER = com.judyj.FirstSilsoupUITests;
				PRODUCT_NAME = "$(TARGET_NAME)";
				SWIFT_EMIT_LOC_STRINGS = NO;
				SWIFT_VERSION = 5.0;
				TARGETED_DEVICE_FAMILY = "1,2";
				TEST_TARGET_NAME = FirstSilsoup;
			};
			name = Release;
		};
/* End XCBuildConfiguration section */

/* Begin XCConfigurationList section */
		8B544E522D90084F00BF1C5E /* Build configuration list for PBXProject "FirstSilsoup" */ = {
			isa = XCConfigurationList;
			buildConfigurations = (
				8B544E792D90085000BF1C5E /* Debug */,
				8B544E7A2D90085000BF1C5E /* Release */,
			);
			defaultConfigurationIsVisible = 0;
			defaultConfigurationName = Release;
		};
		8B544E7B2D90085000BF1C5E /* Build configuration list for PBXNativeTarget "FirstSilsoup" */ = {
			isa = XCConfigurationList;
			buildConfigurations = (
				8B544E7C2D90085000BF1C5E /* Debug */,
				8B544E7D2D90085000BF1C5E /* Release */,
			);
			defaultConfigurationIsVisible = 0;
			defaultConfigurationName = Release;
		};
		8B544E7E2D90085000BF1C5E /* Build configuration list for PBXNativeTarget "FirstSilsoupTests" */ = {
			isa = XCConfigurationList;
			buildConfigurations = (
				8B544E7F2D90085000BF1C5E /* Debug */,
				8B544E802D90085000BF1C5E /* Release */,
			);
			defaultConfigurationIsVisible = 0;
			defaultConfigurationName = Release;
		};
		8B544E812D90085000BF1C5E /* Build configuration list for PBXNativeTarget "FirstSilsoupUITests" */ = {
			isa = XCConfigurationList;
			buildConfigurations = (
				8B544E822D90085000BF1C5E /* Debug */,
				8B544E832D90085000BF1C5E /* Release */,
			);
			defaultConfigurationIsVisible = 0;
			defaultConfigurationName = Release;
		};
/* End XCConfigurationList section */
	};
	rootObject = 8B544E4F2D90084F00BF1C5E /* Project object */;
}
