// !$*UTF8*$!
{
	archiveVersion = 1;
	classes = {
	};
	objectVersion = 77;
	objects = {

/* Begin PBXContainerItemProxy section */
		8B15C9A72DAA9FE9005D8964 /* PBXContainerItemProxy */ = {
			isa = PBXContainerItemProxy;
			containerPortal = 8B15C98E2DAA9FE7005D8964 /* Project object */;
			proxyType = 1;
			remoteGlobalIDString = 8B15C9952DAA9FE7005D8964;
			remoteInfo = FourthWorkBook;
		};
		8B15C9B12DAA9FE9005D8964 /* PBXContainerItemProxy */ = {
			isa = PBXContainerItemProxy;
			containerPortal = 8B15C98E2DAA9FE7005D8964 /* Project object */;
			proxyType = 1;
			remoteGlobalIDString = 8B15C9952DAA9FE7005D8964;
			remoteInfo = FourthWorkBook;
		};
/* End PBXContainerItemProxy section */

/* Begin PBXFileReference section */
		8B15C9962DAA9FE7005D8964 /* FourthWorkBook.app */ = {isa = PBXFileReference; explicitFileType = wrapper.application; includeInIndex = 0; path = FourthWorkBook.app; sourceTree = BUILT_PRODUCTS_DIR; };
		8B15C9A62DAA9FE9005D8964 /* FourthWorkBookTests.xctest */ = {isa = PBXFileReference; explicitFileType = wrapper.cfbundle; includeInIndex = 0; path = FourthWorkBookTests.xctest; sourceTree = BUILT_PRODUCTS_DIR; };
		8B15C9B02DAA9FE9005D8964 /* FourthWorkBookUITests.xctest */ = {isa = PBXFileReference; explicitFileType = wrapper.cfbundle; includeInIndex = 0; path = FourthWorkBookUITests.xctest; sourceTree = BUILT_PRODUCTS_DIR; };
/* End PBXFileReference section */

/* Begin PBXFileSystemSynchronizedRootGroup section */
		8B15C9982DAA9FE7005D8964 /* FourthWorkBook */ = {
			isa = PBXFileSystemSynchronizedRootGroup;
			path = FourthWorkBook;
			sourceTree = "<group>";
		};
		8B15C9A92DAA9FE9005D8964 /* FourthWorkBookTests */ = {
			isa = PBXFileSystemSynchronizedRootGroup;
			path = FourthWorkBookTests;
			sourceTree = "<group>";
		};
		8B15C9B32DAA9FE9005D8964 /* FourthWorkBookUITests */ = {
			isa = PBXFileSystemSynchronizedRootGroup;
			path = FourthWorkBookUITests;
			sourceTree = "<group>";
		};
/* End PBXFileSystemSynchronizedRootGroup section */

/* Begin PBXFrameworksBuildPhase section */
		8B15C9932DAA9FE7005D8964 /* Frameworks */ = {
			isa = PBXFrameworksBuildPhase;
			buildActionMask = 2147483647;
			files = (
			);
			runOnlyForDeploymentPostprocessing = 0;
		};
		8B15C9A32DAA9FE9005D8964 /* Frameworks */ = {
			isa = PBXFrameworksBuildPhase;
			buildActionMask = 2147483647;
			files = (
			);
			runOnlyForDeploymentPostprocessing = 0;
		};
		8B15C9AD2DAA9FE9005D8964 /* Frameworks */ = {
			isa = PBXFrameworksBuildPhase;
			buildActionMask = 2147483647;
			files = (
			);
			runOnlyForDeploymentPostprocessing = 0;
		};
/* End PBXFrameworksBuildPhase section */

/* Begin PBXGroup section */
		8B15C98D2DAA9FE7005D8964 = {
			isa = PBXGroup;
			children = (
				8B15C9982DAA9FE7005D8964 /* FourthWorkBook */,
				8B15C9A92DAA9FE9005D8964 /* FourthWorkBookTests */,
				8B15C9B32DAA9FE9005D8964 /* FourthWorkBookUITests */,
				8B15C9972DAA9FE7005D8964 /* Products */,
			);
			sourceTree = "<group>";
		};
		8B15C9972DAA9FE7005D8964 /* Products */ = {
			isa = PBXGroup;
			children = (
				8B15C9962DAA9FE7005D8964 /* FourthWorkBook.app */,
				8B15C9A62DAA9FE9005D8964 /* FourthWorkBookTests.xctest */,
				8B15C9B02DAA9FE9005D8964 /* FourthWorkBookUITests.xctest */,
			);
			name = Products;
			sourceTree = "<group>";
		};
/* End PBXGroup section */

/* Begin PBXNativeTarget section */
		8B15C9952DAA9FE7005D8964 /* FourthWorkBook */ = {
			isa = PBXNativeTarget;
			buildConfigurationList = 8B15C9BA2DAA9FE9005D8964 /* Build configuration list for PBXNativeTarget "FourthWorkBook" */;
			buildPhases = (
				8B15C9922DAA9FE7005D8964 /* Sources */,
				8B15C9932DAA9FE7005D8964 /* Frameworks */,
				8B15C9942DAA9FE7005D8964 /* Resources */,
			);
			buildRules = (
			);
			dependencies = (
			);
			fileSystemSynchronizedGroups = (
				8B15C9982DAA9FE7005D8964 /* FourthWorkBook */,
			);
			name = FourthWorkBook;
			packageProductDependencies = (
			);
			productName = FourthWorkBook;
			productReference = 8B15C9962DAA9FE7005D8964 /* FourthWorkBook.app */;
			productType = "com.apple.product-type.application";
		};
		8B15C9A52DAA9FE9005D8964 /* FourthWorkBookTests */ = {
			isa = PBXNativeTarget;
			buildConfigurationList = 8B15C9BD2DAA9FE9005D8964 /* Build configuration list for PBXNativeTarget "FourthWorkBookTests" */;
			buildPhases = (
				8B15C9A22DAA9FE9005D8964 /* Sources */,
				8B15C9A32DAA9FE9005D8964 /* Frameworks */,
				8B15C9A42DAA9FE9005D8964 /* Resources */,
			);
			buildRules = (
			);
			dependencies = (
				8B15C9A82DAA9FE9005D8964 /* PBXTargetDependency */,
			);
			fileSystemSynchronizedGroups = (
				8B15C9A92DAA9FE9005D8964 /* FourthWorkBookTests */,
			);
			name = FourthWorkBookTests;
			packageProductDependencies = (
			);
			productName = FourthWorkBookTests;
			productReference = 8B15C9A62DAA9FE9005D8964 /* FourthWorkBookTests.xctest */;
			productType = "com.apple.product-type.bundle.unit-test";
		};
		8B15C9AF2DAA9FE9005D8964 /* FourthWorkBookUITests */ = {
			isa = PBXNativeTarget;
			buildConfigurationList = 8B15C9C02DAA9FE9005D8964 /* Build configuration list for PBXNativeTarget "FourthWorkBookUITests" */;
			buildPhases = (
				8B15C9AC2DAA9FE9005D8964 /* Sources */,
				8B15C9AD2DAA9FE9005D8964 /* Frameworks */,
				8B15C9AE2DAA9FE9005D8964 /* Resources */,
			);
			buildRules = (
			);
			dependencies = (
				8B15C9B22DAA9FE9005D8964 /* PBXTargetDependency */,
			);
			fileSystemSynchronizedGroups = (
				8B15C9B32DAA9FE9005D8964 /* FourthWorkBookUITests */,
			);
			name = FourthWorkBookUITests;
			packageProductDependencies = (
			);
			productName = FourthWorkBookUITests;
			productReference = 8B15C9B02DAA9FE9005D8964 /* FourthWorkBookUITests.xctest */;
			productType = "com.apple.product-type.bundle.ui-testing";
		};
/* End PBXNativeTarget section */

/* Begin PBXProject section */
		8B15C98E2DAA9FE7005D8964 /* Project object */ = {
			isa = PBXProject;
			attributes = {
				BuildIndependentTargetsInParallel = 1;
				LastSwiftUpdateCheck = 1620;
				LastUpgradeCheck = 1620;
				TargetAttributes = {
					8B15C9952DAA9FE7005D8964 = {
						CreatedOnToolsVersion = 16.2;
					};
					8B15C9A52DAA9FE9005D8964 = {
						CreatedOnToolsVersion = 16.2;
						TestTargetID = 8B15C9952DAA9FE7005D8964;
					};
					8B15C9AF2DAA9FE9005D8964 = {
						CreatedOnToolsVersion = 16.2;
						TestTargetID = 8B15C9952DAA9FE7005D8964;
					};
				};
			};
			buildConfigurationList = 8B15C9912DAA9FE7005D8964 /* Build configuration list for PBXProject "FourthWorkBook" */;
			developmentRegion = en;
			hasScannedForEncodings = 0;
			knownRegions = (
				en,
				Base,
			);
			mainGroup = 8B15C98D2DAA9FE7005D8964;
			minimizedProjectReferenceProxies = 1;
			preferredProjectObjectVersion = 77;
			productRefGroup = 8B15C9972DAA9FE7005D8964 /* Products */;
			projectDirPath = "";
			projectRoot = "";
			targets = (
				8B15C9952DAA9FE7005D8964 /* FourthWorkBook */,
				8B15C9A52DAA9FE9005D8964 /* FourthWorkBookTests */,
				8B15C9AF2DAA9FE9005D8964 /* FourthWorkBookUITests */,
			);
		};
/* End PBXProject section */

/* Begin PBXResourcesBuildPhase section */
		8B15C9942DAA9FE7005D8964 /* Resources */ = {
			isa = PBXResourcesBuildPhase;
			buildActionMask = 2147483647;
			files = (
			);
			runOnlyForDeploymentPostprocessing = 0;
		};
		8B15C9A42DAA9FE9005D8964 /* Resources */ = {
			isa = PBXResourcesBuildPhase;
			buildActionMask = 2147483647;
			files = (
			);
			runOnlyForDeploymentPostprocessing = 0;
		};
		8B15C9AE2DAA9FE9005D8964 /* Resources */ = {
			isa = PBXResourcesBuildPhase;
			buildActionMask = 2147483647;
			files = (
			);
			runOnlyForDeploymentPostprocessing = 0;
		};
/* End PBXResourcesBuildPhase section */

/* Begin PBXSourcesBuildPhase section */
		8B15C9922DAA9FE7005D8964 /* Sources */ = {
			isa = PBXSourcesBuildPhase;
			buildActionMask = 2147483647;
			files = (
			);
			runOnlyForDeploymentPostprocessing = 0;
		};
		8B15C9A22DAA9FE9005D8964 /* Sources */ = {
			isa = PBXSourcesBuildPhase;
			buildActionMask = 2147483647;
			files = (
			);
			runOnlyForDeploymentPostprocessing = 0;
		};
		8B15C9AC2DAA9FE9005D8964 /* Sources */ = {
			isa = PBXSourcesBuildPhase;
			buildActionMask = 2147483647;
			files = (
			);
			runOnlyForDeploymentPostprocessing = 0;
		};
/* End PBXSourcesBuildPhase section */

/* Begin PBXTargetDependency section */
		8B15C9A82DAA9FE9005D8964 /* PBXTargetDependency */ = {
			isa = PBXTargetDependency;
			target = 8B15C9952DAA9FE7005D8964 /* FourthWorkBook */;
			targetProxy = 8B15C9A72DAA9FE9005D8964 /* PBXContainerItemProxy */;
		};
		8B15C9B22DAA9FE9005D8964 /* PBXTargetDependency */ = {
			isa = PBXTargetDependency;
			target = 8B15C9952DAA9FE7005D8964 /* FourthWorkBook */;
			targetProxy = 8B15C9B12DAA9FE9005D8964 /* PBXContainerItemProxy */;
		};
/* End PBXTargetDependency section */

/* Begin XCBuildConfiguration section */
		8B15C9B82DAA9FE9005D8964 /* Debug */ = {
			isa = XCBuildConfiguration;
			buildSettings = {
				ALWAYS_SEARCH_USER_PATHS = NO;
				ASSETCATALOG_COMPILER_GENERATE_SWIFT_ASSET_SYMBOL_EXTENSIONS = YES;
				CLANG_ANALYZER_NONNULL = YES;
				CLANG_ANALYZER_NUMBER_OBJECT_CONVERSION = YES_AGGRESSIVE;
				CLANG_CXX_LANGUAGE_STANDARD = "gnu++20";
				CLANG_ENABLE_MODULES = YES;
				CLANG_ENABLE_OBJC_ARC = YES;
				CLANG_ENABLE_OBJC_WEAK = YES;
				CLANG_WARN_BLOCK_CAPTURE_AUTORELEASING = YES;
				CLANG_WARN_BOOL_CONVERSION = YES;
				CLANG_WARN_COMMA = YES;
				CLANG_WARN_CONSTANT_CONVERSION = YES;
				CLANG_WARN_DEPRECATED_OBJC_IMPLEMENTATIONS = YES;
				CLANG_WARN_DIRECT_OBJC_ISA_USAGE = YES_ERROR;
				CLANG_WARN_DOCUMENTATION_COMMENTS = YES;
				CLANG_WARN_EMPTY_BODY = YES;
				CLANG_WARN_ENUM_CONVERSION = YES;
				CLANG_WARN_INFINITE_RECURSION = YES;
				CLANG_WARN_INT_CONVERSION = YES;
				CLANG_WARN_NON_LITERAL_NULL_CONVERSION = YES;
				CLANG_WARN_OBJC_IMPLICIT_RETAIN_SELF = YES;
				CLANG_WARN_OBJC_LITERAL_CONVERSION = YES;
				CLANG_WARN_OBJC_ROOT_CLASS = YES_ERROR;
				CLANG_WARN_QUOTED_INCLUDE_IN_FRAMEWORK_HEADER = YES;
				CLANG_WARN_RANGE_LOOP_ANALYSIS = YES;
				CLANG_WARN_STRICT_PROTOTYPES = YES;
				CLANG_WARN_SUSPICIOUS_MOVE = YES;
				CLANG_WARN_UNGUARDED_AVAILABILITY = YES_AGGRESSIVE;
				CLANG_WARN_UNREACHABLE_CODE = YES;
				CLANG_WARN__DUPLICATE_METHOD_MATCH = YES;
				COPY_PHASE_STRIP = NO;
				DEBUG_INFORMATION_FORMAT = dwarf;
				ENABLE_STRICT_OBJC_MSGSEND = YES;
				ENABLE_TESTABILITY = YES;
				ENABLE_USER_SCRIPT_SANDBOXING = YES;
				GCC_C_LANGUAGE_STANDARD = gnu17;
				GCC_DYNAMIC_NO_PIC = NO;
				GCC_NO_COMMON_BLOCKS = YES;
				GCC_OPTIMIZATION_LEVEL = 0;
				GCC_PREPROCESSOR_DEFINITIONS = (
					"DEBUG=1",
					"$(inherited)",
				);
				GCC_WARN_64_TO_32_BIT_CONVERSION = YES;
				GCC_WARN_ABOUT_RETURN_TYPE = YES_ERROR;
				GCC_WARN_UNDECLARED_SELECTOR = YES;
				GCC_WARN_UNINITIALIZED_AUTOS = YES_AGGRESSIVE;
				GCC_WARN_UNUSED_FUNCTION = YES;
				GCC_WARN_UNUSED_VARIABLE = YES;
				IPHONEOS_DEPLOYMENT_TARGET = 18.2;
				LOCALIZATION_PREFERS_STRING_CATALOGS = YES;
				MTL_ENABLE_DEBUG_INFO = INCLUDE_SOURCE;
				MTL_FAST_MATH = YES;
				ONLY_ACTIVE_ARCH = YES;
				SDKROOT = iphoneos;
				SWIFT_ACTIVE_COMPILATION_CONDITIONS = "DEBUG $(inherited)";
				SWIFT_OPTIMIZATION_LEVEL = "-Onone";
			};
			name = Debug;
		};
		8B15C9B92DAA9FE9005D8964 /* Release */ = {
			isa = XCBuildConfiguration;
			buildSettings = {
				ALWAYS_SEARCH_USER_PATHS = NO;
				ASSETCATALOG_COMPILER_GENERATE_SWIFT_ASSET_SYMBOL_EXTENSIONS = YES;
				CLANG_ANALYZER_NONNULL = YES;
				CLANG_ANALYZER_NUMBER_OBJECT_CONVERSION = YES_AGGRESSIVE;
				CLANG_CXX_LANGUAGE_STANDARD = "gnu++20";
				CLANG_ENABLE_MODULES = YES;
				CLANG_ENABLE_OBJC_ARC = YES;
				CLANG_ENABLE_OBJC_WEAK = YES;
				CLANG_WARN_BLOCK_CAPTURE_AUTORELEASING = YES;
				CLANG_WARN_BOOL_CONVERSION = YES;
				CLANG_WARN_COMMA = YES;
				CLANG_WARN_CONSTANT_CONVERSION = YES;
				CLANG_WARN_DEPRECATED_OBJC_IMPLEMENTATIONS = YES;
				CLANG_WARN_DIRECT_OBJC_ISA_USAGE = YES_ERROR;
				CLANG_WARN_DOCUMENTATION_COMMENTS = YES;
				CLANG_WARN_EMPTY_BODY = YES;
				CLANG_WARN_ENUM_CONVERSION = YES;
				CLANG_WARN_INFINITE_RECURSION = YES;
				CLANG_WARN_INT_CONVERSION = YES;
				CLANG_WARN_NON_LITERAL_NULL_CONVERSION = YES;
				CLANG_WARN_OBJC_IMPLICIT_RETAIN_SELF = YES;
				CLANG_WARN_OBJC_LITERAL_CONVERSION = YES;
				CLANG_WARN_OBJC_ROOT_CLASS = YES_ERROR;
				CLANG_WARN_QUOTED_INCLUDE_IN_FRAMEWORK_HEADER = YES;
				CLANG_WARN_RANGE_LOOP_ANALYSIS = YES;
				CLANG_WARN_STRICT_PROTOTYPES = YES;
				CLANG_WARN_SUSPICIOUS_MOVE = YES;
				CLANG_WARN_UNGUARDED_AVAILABILITY = YES_AGGRESSIVE;
				CLANG_WARN_UNREACHABLE_CODE = YES;
				CLANG_WARN__DUPLICATE_METHOD_MATCH = YES;
				COPY_PHASE_STRIP = NO;
				DEBUG_INFORMATION_FORMAT = "dwarf-with-dsym";
				ENABLE_NS_ASSERTIONS = NO;
				ENABLE_STRICT_OBJC_MSGSEND = YES;
				ENABLE_USER_SCRIPT_SANDBOXING = YES;
				GCC_C_LANGUAGE_STANDARD = gnu17;
				GCC_NO_COMMON_BLOCKS = YES;
				GCC_WARN_64_TO_32_BIT_CONVERSION = YES;
				GCC_WARN_ABOUT_RETURN_TYPE = YES_ERROR;
				GCC_WARN_UNDECLARED_SELECTOR = YES;
				GCC_WARN_UNINITIALIZED_AUTOS = YES_AGGRESSIVE;
				GCC_WARN_UNUSED_FUNCTION = YES;
				GCC_WARN_UNUSED_VARIABLE = YES;
				IPHONEOS_DEPLOYMENT_TARGET = 18.2;
				LOCALIZATION_PREFERS_STRING_CATALOGS = YES;
				MTL_ENABLE_DEBUG_INFO = NO;
				MTL_FAST_MATH = YES;
				SDKROOT = iphoneos;
				SWIFT_COMPILATION_MODE = wholemodule;
				VALIDATE_PRODUCT = YES;
			};
			name = Release;
		};
		8B15C9BB2DAA9FE9005D8964 /* Debug */ = {
			isa = XCBuildConfiguration;
			buildSettings = {
				ASSETCATALOG_COMPILER_APPICON_NAME = AppIcon;
				ASSETCATALOG_COMPILER_GLOBAL_ACCENT_COLOR_NAME = AccentColor;
				CODE_SIGN_STYLE = Automatic;
				CURRENT_PROJECT_VERSION = 1;
				DEVELOPMENT_ASSET_PATHS = "\"FourthWorkBook/Preview Content\"";
				DEVELOPMENT_TEAM = 47UM88R722;
				ENABLE_PREVIEWS = YES;
				GENERATE_INFOPLIST_FILE = YES;
				INFOPLIST_KEY_UIApplicationSceneManifest_Generation = YES;
				INFOPLIST_KEY_UIApplicationSupportsIndirectInputEvents = YES;
				INFOPLIST_KEY_UILaunchScreen_Generation = YES;
				INFOPLIST_KEY_UISupportedInterfaceOrientations_iPad = "UIInterfaceOrientationPortrait UIInterfaceOrientationPortraitUpsideDown UIInterfaceOrientationLandscapeLeft UIInterfaceOrientationLandscapeRight";
				INFOPLIST_KEY_UISupportedInterfaceOrientations_iPhone = "UIInterfaceOrientationPortrait UIInterfaceOrientationLandscapeLeft UIInterfaceOrientationLandscapeRight";
				LD_RUNPATH_SEARCH_PATHS = (
					"$(inherited)",
					"@executable_path/Frameworks",
				);
				MARKETING_VERSION = 1.0;
				PRODUCT_BUNDLE_IDENTIFIER = com.judyj.FourthWorkBook;
				PRODUCT_NAME = "$(TARGET_NAME)";
				SWIFT_EMIT_LOC_STRINGS = YES;
				SWIFT_VERSION = 5.0;
				TARGETED_DEVICE_FAMILY = "1,2";
			};
			name = Debug;
		};
		8B15C9BC2DAA9FE9005D8964 /* Release */ = {
			isa = XCBuildConfiguration;
			buildSettings = {
				ASSETCATALOG_COMPILER_APPICON_NAME = AppIcon;
				ASSETCATALOG_COMPILER_GLOBAL_ACCENT_COLOR_NAME = AccentColor;
				CODE_SIGN_STYLE = Automatic;
				CURRENT_PROJECT_VERSION = 1;
				DEVELOPMENT_ASSET_PATHS = "\"FourthWorkBook/Preview Content\"";
				DEVELOPMENT_TEAM = 47UM88R722;
				ENABLE_PREVIEWS = YES;
				GENERATE_INFOPLIST_FILE = YES;
				INFOPLIST_KEY_UIApplicationSceneManifest_Generation = YES;
				INFOPLIST_KEY_UIApplicationSupportsIndirectInputEvents = YES;
				INFOPLIST_KEY_UILaunchScreen_Generation = YES;
				INFOPLIST_KEY_UISupportedInterfaceOrientations_iPad = "UIInterfaceOrientationPortrait UIInterfaceOrientationPortraitUpsideDown UIInterfaceOrientationLandscapeLeft UIInterfaceOrientationLandscapeRight";
				INFOPLIST_KEY_UISupportedInterfaceOrientations_iPhone = "UIInterfaceOrientationPortrait UIInterfaceOrientationLandscapeLeft UIInterfaceOrientationLandscapeRight";
				LD_RUNPATH_SEARCH_PATHS = (
					"$(inherited)",
					"@executable_path/Frameworks",
				);
				MARKETING_VERSION = 1.0;
				PRODUCT_BUNDLE_IDENTIFIER = com.judyj.FourthWorkBook;
				PRODUCT_NAME = "$(TARGET_NAME)";
				SWIFT_EMIT_LOC_STRINGS = YES;
				SWIFT_VERSION = 5.0;
				TARGETED_DEVICE_FAMILY = "1,2";
			};
			name = Release;
		};
		8B15C9BE2DAA9FE9005D8964 /* Debug */ = {
			isa = XCBuildConfiguration;
			buildSettings = {
				BUNDLE_LOADER = "$(TEST_HOST)";
				CODE_SIGN_STYLE = Automatic;
				CURRENT_PROJECT_VERSION = 1;
				DEVELOPMENT_TEAM = 47UM88R722;
				GENERATE_INFOPLIST_FILE = YES;
				IPHONEOS_DEPLOYMENT_TARGET = 18.2;
				MARKETING_VERSION = 1.0;
				PRODUCT_BUNDLE_IDENTIFIER = com.judyj.FourthWorkBookTests;
				PRODUCT_NAME = "$(TARGET_NAME)";
				SWIFT_EMIT_LOC_STRINGS = NO;
				SWIFT_VERSION = 5.0;
				TARGETED_DEVICE_FAMILY = "1,2";
				TEST_HOST = "$(BUILT_PRODUCTS_DIR)/FourthWorkBook.app/$(BUNDLE_EXECUTABLE_FOLDER_PATH)/FourthWorkBook";
			};
			name = Debug;
		};
		8B15C9BF2DAA9FE9005D8964 /* Release */ = {
			isa = XCBuildConfiguration;
			buildSettings = {
				BUNDLE_LOADER = "$(TEST_HOST)";
				CODE_SIGN_STYLE = Automatic;
				CURRENT_PROJECT_VERSION = 1;
				DEVELOPMENT_TEAM = 47UM88R722;
				GENERATE_INFOPLIST_FILE = YES;
				IPHONEOS_DEPLOYMENT_TARGET = 18.2;
				MARKETING_VERSION = 1.0;
				PRODUCT_BUNDLE_IDENTIFIER = com.judyj.FourthWorkBookTests;
				PRODUCT_NAME = "$(TARGET_NAME)";
				SWIFT_EMIT_LOC_STRINGS = NO;
				SWIFT_VERSION = 5.0;
				TARGETED_DEVICE_FAMILY = "1,2";
				TEST_HOST = "$(BUILT_PRODUCTS_DIR)/FourthWorkBook.app/$(BUNDLE_EXECUTABLE_FOLDER_PATH)/FourthWorkBook";
			};
			name = Release;
		};
		8B15C9C12DAA9FE9005D8964 /* Debug */ = {
			isa = XCBuildConfiguration;
			buildSettings = {
				CODE_SIGN_STYLE = Automatic;
				CURRENT_PROJECT_VERSION = 1;
				DEVELOPMENT_TEAM = 47UM88R722;
				GENERATE_INFOPLIST_FILE = YES;
				MARKETING_VERSION = 1.0;
				PRODUCT_BUNDLE_IDENTIFIER = com.judyj.FourthWorkBookUITests;
				PRODUCT_NAME = "$(TARGET_NAME)";
				SWIFT_EMIT_LOC_STRINGS = NO;
				SWIFT_VERSION = 5.0;
				TARGETED_DEVICE_FAMILY = "1,2";
				TEST_TARGET_NAME = FourthWorkBook;
			};
			name = Debug;
		};
		8B15C9C22DAA9FE9005D8964 /* Release */ = {
			isa = XCBuildConfiguration;
			buildSettings = {
				CODE_SIGN_STYLE = Automatic;
				CURRENT_PROJECT_VERSION = 1;
				DEVELOPMENT_TEAM = 47UM88R722;
				GENERATE_INFOPLIST_FILE = YES;
				MARKETING_VERSION = 1.0;
				PRODUCT_BUNDLE_IDENTIFIER = com.judyj.FourthWorkBookUITests;
				PRODUCT_NAME = "$(TARGET_NAME)";
				SWIFT_EMIT_LOC_STRINGS = NO;
				SWIFT_VERSION = 5.0;
				TARGETED_DEVICE_FAMILY = "1,2";
				TEST_TARGET_NAME = FourthWorkBook;
			};
			name = Release;
		};
/* End XCBuildConfiguration section */

/* Begin XCConfigurationList section */
		8B15C9912DAA9FE7005D8964 /* Build configuration list for PBXProject "FourthWorkBook" */ = {
			isa = XCConfigurationList;
			buildConfigurations = (
				8B15C9B82DAA9FE9005D8964 /* Debug */,
				8B15C9B92DAA9FE9005D8964 /* Release */,
			);
			defaultConfigurationIsVisible = 0;
			defaultConfigurationName = Release;
		};
		8B15C9BA2DAA9FE9005D8964 /* Build configuration list for PBXNativeTarget "FourthWorkBook" */ = {
			isa = XCConfigurationList;
			buildConfigurations = (
				8B15C9BB2DAA9FE9005D8964 /* Debug */,
				8B15C9BC2DAA9FE9005D8964 /* Release */,
			);
			defaultConfigurationIsVisible = 0;
			defaultConfigurationName = Release;
		};
		8B15C9BD2DAA9FE9005D8964 /* Build configuration list for PBXNativeTarget "FourthWorkBookTests" */ = {
			isa = XCConfigurationList;
			buildConfigurations = (
				8B15C9BE2DAA9FE9005D8964 /* Debug */,
				8B15C9BF2DAA9FE9005D8964 /* Release */,
			);
			defaultConfigurationIsVisible = 0;
			defaultConfigurationName = Release;
		};
		8B15C9C02DAA9FE9005D8964 /* Build configuration list for PBXNativeTarget "FourthWorkBookUITests" */ = {
			isa = XCConfigurationList;
			buildConfigurations = (
				8B15C9C12DAA9FE9005D8964 /* Debug */,
				8B15C9C22DAA9FE9005D8964 /* Release */,
			);
			defaultConfigurationIsVisible = 0;
			defaultConfigurationName = Release;
		};
/* End XCConfigurationList section */
	};
	rootObject = 8B15C98E2DAA9FE7005D8964 /* Project object */;
}
